PODS:
  - GoogleMaps (2.1.1):
    - GoogleMaps/Maps (= 2.1.1)
  - GoogleMaps/Base (2.1.1)
  - GoogleMaps/Maps (2.1.1):
    - GoogleMaps/Base

DEPENDENCIES:
  - GoogleMaps

SPEC CHECKSUMS:
  GoogleMaps: a5b5bbe47734e2443bde781a6aa64e69fdb6d785

PODFILE CHECKSUM: 1ba3645793f4d52c566ac5a0db3545584b7ac618

COCOAPODS: 1.1.1
