// !$*UTF8*$!
{
	archiveVersion = 1;
	classes = {
	};
	objectVersion = 46;
	objects = {

/* Begin PBXBuildFile section */
		340299371E45C32A00758564 /* AppDelegate.swift in Sources */ = {isa = PBXBuildFile; fileRef = 340299361E45C32A00758564 /* AppDelegate.swift */; };
		340299571E45C32A00758564 /* NearBusUITests.swift in Sources */ = {isa = PBXBuildFile; fileRef = 340299561E45C32A00758564 /* NearBusUITests.swift */; };
		340299711E45C4F700758564 /* LaunchScreen.storyboard in Resources */ = {isa = PBXBuildFile; fileRef = 3402996D1E45C4F700758564 /* LaunchScreen.storyboard */; };
		340299721E45C4F700758564 /* Assets.xcassets in Resources */ = {isa = PBXBuildFile; fileRef = 3402996F1E45C4F700758564 /* Assets.xcassets */; };
		340299771E46043D00758564 /* APIEndpoints.swift in Sources */ = {isa = PBXBuildFile; fileRef = 340299761E46043D00758564 /* APIEndpoints.swift */; };
		340299791E46083A00758564 /* APIController.swift in Sources */ = {isa = PBXBuildFile; fileRef = 340299781E46083A00758564 /* APIController.swift */; };
		3402997B1E460A3300758564 /* AppConstants.swift in Sources */ = {isa = PBXBuildFile; fileRef = 3402997A1E460A3300758564 /* AppConstants.swift */; };
		3402997D1E460A4700758564 /* ErrorConstants.swift in Sources */ = {isa = PBXBuildFile; fileRef = 3402997C1E460A4700758564 /* ErrorConstants.swift */; };
		340299801E4610AA00758564 /* BusStop.swift in Sources */ = {isa = PBXBuildFile; fileRef = 3402997F1E4610AA00758564 /* BusStop.swift */; };
		340299821E4612F500758564 /* Extensions.swift in Sources */ = {isa = PBXBuildFile; fileRef = 340299811E4612F500758564 /* Extensions.swift */; };
		340299841E46153900758564 /* HomePage.storyboard in Resources */ = {isa = PBXBuildFile; fileRef = 340299831E46153900758564 /* HomePage.storyboard */; };
		340299871E46162900758564 /* HomeViewController.swift in Sources */ = {isa = PBXBuildFile; fileRef = 340299861E46162900758564 /* HomeViewController.swift */; };
		340299891E46174E00758564 /* HomeViewModel.swift in Sources */ = {isa = PBXBuildFile; fileRef = 340299881E46174E00758564 /* HomeViewModel.swift */; };
		3402998B1E461D5F00758564 /* Main.storyboard in Resources */ = {isa = PBXBuildFile; fileRef = 3402998A1E461D5F00758564 /* Main.storyboard */; };
		340299921E46253400758564 /* LoadingView.swift in Sources */ = {isa = PBXBuildFile; fileRef = 340299911E46253400758564 /* LoadingView.swift */; };
		340299941E46254500758564 /* LoadingView.xib in Resources */ = {isa = PBXBuildFile; fileRef = 340299931E46254500758564 /* LoadingView.xib */; };
		3434E0C01E47B017006FABD2 /* HomeViewModelTests.swift in Sources */ = {isa = PBXBuildFile; fileRef = 3434E0BF1E47B017006FABD2 /* HomeViewModelTests.swift */; };
		3434E0C31E47B292006FABD2 /* BusStop.swift in Sources */ = {isa = PBXBuildFile; fileRef = 3402997F1E4610AA00758564 /* BusStop.swift */; };
		3434E0C41E47B295006FABD2 /* Bus.swift in Sources */ = {isa = PBXBuildFile; fileRef = 348E97C41E47071C009B602D /* Bus.swift */; };
		3434E0C51E47B298006FABD2 /* Route.swift in Sources */ = {isa = PBXBuildFile; fileRef = 34DF97671E47116C00564095 /* Route.swift */; };
		3434E0C61E47B29B006FABD2 /* AppConstants.swift in Sources */ = {isa = PBXBuildFile; fileRef = 3402997A1E460A3300758564 /* AppConstants.swift */; };
		3434E0C71E47B29E006FABD2 /* ErrorConstants.swift in Sources */ = {isa = PBXBuildFile; fileRef = 3402997C1E460A4700758564 /* ErrorConstants.swift */; };
		3434E0C81E47B2AD006FABD2 /* LoadingView.swift in Sources */ = {isa = PBXBuildFile; fileRef = 340299911E46253400758564 /* LoadingView.swift */; };
		3434E0C91E47B2B1006FABD2 /* LoadingView.xib in Resources */ = {isa = PBXBuildFile; fileRef = 340299931E46254500758564 /* LoadingView.xib */; };
		3434E0CA1E47B2C2006FABD2 /* Extensions.swift in Sources */ = {isa = PBXBuildFile; fileRef = 340299811E4612F500758564 /* Extensions.swift */; };
		3434E0CB1E47B2C8006FABD2 /* APIController.swift in Sources */ = {isa = PBXBuildFile; fileRef = 340299781E46083A00758564 /* APIController.swift */; };
		3434E0CC1E47B2CB006FABD2 /* APIEndpoints.swift in Sources */ = {isa = PBXBuildFile; fileRef = 340299761E46043D00758564 /* APIEndpoints.swift */; };
		3434E0D71E47B82B006FABD2 /* BusModelTests.swift in Sources */ = {isa = PBXBuildFile; fileRef = 3434E0D61E47B82B006FABD2 /* BusModelTests.swift */; };
		3434E0DA1E47B8BB006FABD2 /* BusMock.swift in Sources */ = {isa = PBXBuildFile; fileRef = 3434E0D91E47B8BB006FABD2 /* BusMock.swift */; };
		3434E0DE1E47BAA3006FABD2 /* BusStopMock.swift in Sources */ = {isa = PBXBuildFile; fileRef = 3434E0DD1E47BAA3006FABD2 /* BusStopMock.swift */; };
		3434E0E01E47BBD9006FABD2 /* BusStopModelTests.swift in Sources */ = {isa = PBXBuildFile; fileRef = 3434E0DF1E47BBD9006FABD2 /* BusStopModelTests.swift */; };
		348E97B61E47020B009B602D /* BusStop.storyboard in Resources */ = {isa = PBXBuildFile; fileRef = 348E97AF1E47020B009B602D /* BusStop.storyboard */; };
		348E97B71E47020B009B602D /* BusStopViewController.swift in Sources */ = {isa = PBXBuildFile; fileRef = 348E97B11E47020B009B602D /* BusStopViewController.swift */; };
		348E97B81E47020B009B602D /* BusStopViewModel.swift in Sources */ = {isa = PBXBuildFile; fileRef = 348E97B21E47020B009B602D /* BusStopViewModel.swift */; };
		348E97B91E47020B009B602D /* BusListTableViewCell.swift in Sources */ = {isa = PBXBuildFile; fileRef = 348E97B41E47020B009B602D /* BusListTableViewCell.swift */; };
		348E97BA1E47020B009B602D /* BusListTableViewCell.xib in Resources */ = {isa = PBXBuildFile; fileRef = 348E97B51E47020B009B602D /* BusListTableViewCell.xib */; };
		348E97BD1E470368009B602D /* BusRoute.storyboard in Resources */ = {isa = PBXBuildFile; fileRef = 348E97BC1E470368009B602D /* BusRoute.storyboard */; };
		348E97C01E4703A3009B602D /* BusRouteViewController.swift in Sources */ = {isa = PBXBuildFile; fileRef = 348E97BF1E4703A3009B602D /* BusRouteViewController.swift */; };
		348E97C31E47040F009B602D /* BusRouteViewModel.swift in Sources */ = {isa = PBXBuildFile; fileRef = 348E97C21E47040F009B602D /* BusRouteViewModel.swift */; };
		348E97C51E47071C009B602D /* Bus.swift in Sources */ = {isa = PBXBuildFile; fileRef = 348E97C41E47071C009B602D /* Bus.swift */; };
		34DF97681E47116C00564095 /* Route.swift in Sources */ = {isa = PBXBuildFile; fileRef = 34DF97671E47116C00564095 /* Route.swift */; };
		34DF976A1E4748DF00564095 /* MockAbuDhabiLocation.gpx in Resources */ = {isa = PBXBuildFile; fileRef = 34DF97691E4748DF00564095 /* MockAbuDhabiLocation.gpx */; };
		70C42C7EB42DCF46120440AC /* Pods_NearBusTests.framework in Frameworks */ = {isa = PBXBuildFile; fileRef = 3CEC79B2C63F7EBDA7230125 /* Pods_NearBusTests.framework */; };
		7CDC5B0391DE15F7C0ED1DB9 /* Pods_NearBus.framework in Frameworks */ = {isa = PBXBuildFile; fileRef = 64C855BAC65EAD1777BFA318 /* Pods_NearBus.framework */; };
		D6AE3B9616CCE7BA1AF42FEC /* Pods_NearBusUITests.framework in Frameworks */ = {isa = PBXBuildFile; fileRef = B7899B77249949870CDAF66A /* Pods_NearBusUITests.framework */; };
/* End PBXBuildFile section */

/* Begin PBXContainerItemProxy section */
		340299481E45C32A00758564 /* PBXContainerItemProxy */ = {
			isa = PBXContainerItemProxy;
			containerPortal = 3402992B1E45C32A00758564 /* Project object */;
			proxyType = 1;
			remoteGlobalIDString = 340299321E45C32A00758564;
			remoteInfo = NearBus;
		};
		340299531E45C32A00758564 /* PBXContainerItemProxy */ = {
			isa = PBXContainerItemProxy;
			containerPortal = 3402992B1E45C32A00758564 /* Project object */;
			proxyType = 1;
			remoteGlobalIDString = 340299321E45C32A00758564;
			remoteInfo = NearBus;
		};
/* End PBXContainerItemProxy section */

/* Begin PBXFileReference section */
		340299331E45C32A00758564 /* NearBus.app */ = {isa = PBXFileReference; explicitFileType = wrapper.application; includeInIndex = 0; path = NearBus.app; sourceTree = BUILT_PRODUCTS_DIR; };
		340299361E45C32A00758564 /* AppDelegate.swift */ = {isa = PBXFileReference; lastKnownFileType = sourcecode.swift; path = AppDelegate.swift; sourceTree = "<group>"; };
		340299471E45C32A00758564 /* NearBusTests.xctest */ = {isa = PBXFileReference; explicitFileType = wrapper.cfbundle; includeInIndex = 0; path = NearBusTests.xctest; sourceTree = BUILT_PRODUCTS_DIR; };
		3402994D1E45C32A00758564 /* Info.plist */ = {isa = PBXFileReference; lastKnownFileType = text.plist.xml; path = Info.plist; sourceTree = "<group>"; };
		340299521E45C32A00758564 /* NearBusUITests.xctest */ = {isa = PBXFileReference; explicitFileType = wrapper.cfbundle; includeInIndex = 0; path = NearBusUITests.xctest; sourceTree = BUILT_PRODUCTS_DIR; };
		340299561E45C32A00758564 /* NearBusUITests.swift */ = {isa = PBXFileReference; lastKnownFileType = sourcecode.swift; path = NearBusUITests.swift; sourceTree = "<group>"; };
		340299581E45C32A00758564 /* Info.plist */ = {isa = PBXFileReference; lastKnownFileType = text.plist.xml; path = Info.plist; sourceTree = "<group>"; };
		3402996D1E45C4F700758564 /* LaunchScreen.storyboard */ = {isa = PBXFileReference; fileEncoding = 4; lastKnownFileType = file.storyboard; path = LaunchScreen.storyboard; sourceTree = "<group>"; };
		3402996F1E45C4F700758564 /* Assets.xcassets */ = {isa = PBXFileReference; lastKnownFileType = folder.assetcatalog; path = Assets.xcassets; sourceTree = "<group>"; };
		340299741E45C84600758564 /* Info.plist */ = {isa = PBXFileReference; fileEncoding = 4; lastKnownFileType = text.plist.xml; name = Info.plist; path = ../Info.plist; sourceTree = "<group>"; };
		340299761E46043D00758564 /* APIEndpoints.swift */ = {isa = PBXFileReference; fileEncoding = 4; lastKnownFileType = sourcecode.swift; path = APIEndpoints.swift; sourceTree = "<group>"; };
		340299781E46083A00758564 /* APIController.swift */ = {isa = PBXFileReference; fileEncoding = 4; lastKnownFileType = sourcecode.swift; path = APIController.swift; sourceTree = "<group>"; };
		3402997A1E460A3300758564 /* AppConstants.swift */ = {isa = PBXFileReference; fileEncoding = 4; lastKnownFileType = sourcecode.swift; path = AppConstants.swift; sourceTree = "<group>"; };
		3402997C1E460A4700758564 /* ErrorConstants.swift */ = {isa = PBXFileReference; fileEncoding = 4; lastKnownFileType = sourcecode.swift; path = ErrorConstants.swift; sourceTree = "<group>"; };
		3402997F1E4610AA00758564 /* BusStop.swift */ = {isa = PBXFileReference; fileEncoding = 4; lastKnownFileType = sourcecode.swift; path = BusStop.swift; sourceTree = "<group>"; };
		340299811E4612F500758564 /* Extensions.swift */ = {isa = PBXFileReference; fileEncoding = 4; lastKnownFileType = sourcecode.swift; path = Extensions.swift; sourceTree = "<group>"; };
		340299831E46153900758564 /* HomePage.storyboard */ = {isa = PBXFileReference; fileEncoding = 4; lastKnownFileType = file.storyboard; path = HomePage.storyboard; sourceTree = "<group>"; };
		340299861E46162900758564 /* HomeViewController.swift */ = {isa = PBXFileReference; fileEncoding = 4; lastKnownFileType = sourcecode.swift; path = HomeViewController.swift; sourceTree = "<group>"; };
		340299881E46174E00758564 /* HomeViewModel.swift */ = {isa = PBXFileReference; fileEncoding = 4; lastKnownFileType = sourcecode.swift; path = HomeViewModel.swift; sourceTree = "<group>"; };
		3402998A1E461D5F00758564 /* Main.storyboard */ = {isa = PBXFileReference; fileEncoding = 4; lastKnownFileType = file.storyboard; name = Main.storyboard; path = ../Main.storyboard; sourceTree = "<group>"; };
		340299911E46253400758564 /* LoadingView.swift */ = {isa = PBXFileReference; fileEncoding = 4; lastKnownFileType = sourcecode.swift; path = LoadingView.swift; sourceTree = "<group>"; };
		340299931E46254500758564 /* LoadingView.xib */ = {isa = PBXFileReference; fileEncoding = 4; lastKnownFileType = file.xib; path = LoadingView.xib; sourceTree = "<group>"; };
		3434E0BF1E47B017006FABD2 /* HomeViewModelTests.swift */ = {isa = PBXFileReference; fileEncoding = 4; lastKnownFileType = sourcecode.swift; path = HomeViewModelTests.swift; sourceTree = "<group>"; };
		3434E0D61E47B82B006FABD2 /* BusModelTests.swift */ = {isa = PBXFileReference; fileEncoding = 4; lastKnownFileType = sourcecode.swift; path = BusModelTests.swift; sourceTree = "<group>"; };
		3434E0D91E47B8BB006FABD2 /* BusMock.swift */ = {isa = PBXFileReference; fileEncoding = 4; lastKnownFileType = sourcecode.swift; path = BusMock.swift; sourceTree = "<group>"; };
		3434E0DD1E47BAA3006FABD2 /* BusStopMock.swift */ = {isa = PBXFileReference; fileEncoding = 4; lastKnownFileType = sourcecode.swift; path = BusStopMock.swift; sourceTree = "<group>"; };
		3434E0DF1E47BBD9006FABD2 /* BusStopModelTests.swift */ = {isa = PBXFileReference; fileEncoding = 4; lastKnownFileType = sourcecode.swift; path = BusStopModelTests.swift; sourceTree = "<group>"; };
		348E97AF1E47020B009B602D /* BusStop.storyboard */ = {isa = PBXFileReference; fileEncoding = 4; lastKnownFileType = file.storyboard; path = BusStop.storyboard; sourceTree = "<group>"; };
		348E97B11E47020B009B602D /* BusStopViewController.swift */ = {isa = PBXFileReference; fileEncoding = 4; lastKnownFileType = sourcecode.swift; path = BusStopViewController.swift; sourceTree = "<group>"; };
		348E97B21E47020B009B602D /* BusStopViewModel.swift */ = {isa = PBXFileReference; fileEncoding = 4; lastKnownFileType = sourcecode.swift; path = BusStopViewModel.swift; sourceTree = "<group>"; };
		348E97B41E47020B009B602D /* BusListTableViewCell.swift */ = {isa = PBXFileReference; fileEncoding = 4; lastKnownFileType = sourcecode.swift; path = BusListTableViewCell.swift; sourceTree = "<group>"; };
		348E97B51E47020B009B602D /* BusListTableViewCell.xib */ = {isa = PBXFileReference; fileEncoding = 4; lastKnownFileType = file.xib; path = BusListTableViewCell.xib; sourceTree = "<group>"; };
		348E97BC1E470368009B602D /* BusRoute.storyboard */ = {isa = PBXFileReference; fileEncoding = 4; lastKnownFileType = file.storyboard; path = BusRoute.storyboard; sourceTree = "<group>"; };
		348E97BF1E4703A3009B602D /* BusRouteViewController.swift */ = {isa = PBXFileReference; fileEncoding = 4; lastKnownFileType = sourcecode.swift; path = BusRouteViewController.swift; sourceTree = "<group>"; };
		348E97C21E47040F009B602D /* BusRouteViewModel.swift */ = {isa = PBXFileReference; fileEncoding = 4; lastKnownFileType = sourcecode.swift; path = BusRouteViewModel.swift; sourceTree = "<group>"; };
		348E97C41E47071C009B602D /* Bus.swift */ = {isa = PBXFileReference; fileEncoding = 4; lastKnownFileType = sourcecode.swift; path = Bus.swift; sourceTree = "<group>"; };
		34DF97671E47116C00564095 /* Route.swift */ = {isa = PBXFileReference; fileEncoding = 4; lastKnownFileType = sourcecode.swift; path = Route.swift; sourceTree = "<group>"; };
		34DF97691E4748DF00564095 /* MockAbuDhabiLocation.gpx */ = {isa = PBXFileReference; fileEncoding = 4; lastKnownFileType = text; path = MockAbuDhabiLocation.gpx; sourceTree = "<group>"; };
		39C24577E40507DDB1616976 /* Pods-NearBusUITests.debug.xcconfig */ = {isa = PBXFileReference; includeInIndex = 1; lastKnownFileType = text.xcconfig; name = "Pods-NearBusUITests.debug.xcconfig"; path = "Pods/Target Support Files/Pods-NearBusUITests/Pods-NearBusUITests.debug.xcconfig"; sourceTree = "<group>"; };
		3CEC79B2C63F7EBDA7230125 /* Pods_NearBusTests.framework */ = {isa = PBXFileReference; explicitFileType = wrapper.framework; includeInIndex = 0; path = Pods_NearBusTests.framework; sourceTree = BUILT_PRODUCTS_DIR; };
		64C855BAC65EAD1777BFA318 /* Pods_NearBus.framework */ = {isa = PBXFileReference; explicitFileType = wrapper.framework; includeInIndex = 0; path = Pods_NearBus.framework; sourceTree = BUILT_PRODUCTS_DIR; };
		6EDEC87F4AD6B42ABB5A04E9 /* Pods-NearBusUITests.release.xcconfig */ = {isa = PBXFileReference; includeInIndex = 1; lastKnownFileType = text.xcconfig; name = "Pods-NearBusUITests.release.xcconfig"; path = "Pods/Target Support Files/Pods-NearBusUITests/Pods-NearBusUITests.release.xcconfig"; sourceTree = "<group>"; };
		747AD4482260546468B9EC78 /* Pods-NearBusTests.debug.xcconfig */ = {isa = PBXFileReference; includeInIndex = 1; lastKnownFileType = text.xcconfig; name = "Pods-NearBusTests.debug.xcconfig"; path = "Pods/Target Support Files/Pods-NearBusTests/Pods-NearBusTests.debug.xcconfig"; sourceTree = "<group>"; };
		94B8F10026E9BB7E5A022322 /* Pods-NearBusTests.release.xcconfig */ = {isa = PBXFileReference; includeInIndex = 1; lastKnownFileType = text.xcconfig; name = "Pods-NearBusTests.release.xcconfig"; path = "Pods/Target Support Files/Pods-NearBusTests/Pods-NearBusTests.release.xcconfig"; sourceTree = "<group>"; };
		B7899B77249949870CDAF66A /* Pods_NearBusUITests.framework */ = {isa = PBXFileReference; explicitFileType = wrapper.framework; includeInIndex = 0; path = Pods_NearBusUITests.framework; sourceTree = BUILT_PRODUCTS_DIR; };
		BC7FA78A6C0C913AD08638DA /* Pods-NearBus.debug.xcconfig */ = {isa = PBXFileReference; includeInIndex = 1; lastKnownFileType = text.xcconfig; name = "Pods-NearBus.debug.xcconfig"; path = "Pods/Target Support Files/Pods-NearBus/Pods-NearBus.debug.xcconfig"; sourceTree = "<group>"; };
		FDF0255BBB35F02D48435830 /* Pods-NearBus.release.xcconfig */ = {isa = PBXFileReference; includeInIndex = 1; lastKnownFileType = text.xcconfig; name = "Pods-NearBus.release.xcconfig"; path = "Pods/Target Support Files/Pods-NearBus/Pods-NearBus.release.xcconfig"; sourceTree = "<group>"; };
/* End PBXFileReference section */

/* Begin PBXFrameworksBuildPhase section */
		340299301E45C32A00758564 /* Frameworks */ = {
			isa = PBXFrameworksBuildPhase;
			buildActionMask = 2147483647;
			files = (
				7CDC5B0391DE15F7C0ED1DB9 /* Pods_NearBus.framework in Frameworks */,
			);
			runOnlyForDeploymentPostprocessing = 0;
		};
		340299441E45C32A00758564 /* Frameworks */ = {
			isa = PBXFrameworksBuildPhase;
			buildActionMask = 2147483647;
			files = (
				70C42C7EB42DCF46120440AC /* Pods_NearBusTests.framework in Frameworks */,
			);
			runOnlyForDeploymentPostprocessing = 0;
		};
		3402994F1E45C32A00758564 /* Frameworks */ = {
			isa = PBXFrameworksBuildPhase;
			buildActionMask = 2147483647;
			files = (
				D6AE3B9616CCE7BA1AF42FEC /* Pods_NearBusUITests.framework in Frameworks */,
			);
			runOnlyForDeploymentPostprocessing = 0;
		};
/* End PBXFrameworksBuildPhase section */

/* Begin PBXGroup section */
		3402992A1E45C32A00758564 = {
			isa = PBXGroup;
			children = (
				340299351E45C32A00758564 /* NearBus */,
				3402994A1E45C32A00758564 /* NearBusTests */,
				340299551E45C32A00758564 /* NearBusUITests */,
				340299341E45C32A00758564 /* Products */,
				6DAC6B744EAFC269CDC4CF28 /* Pods */,
				F0BF0AE410BB476A1E86491C /* Frameworks */,
			);
			sourceTree = "<group>";
		};
		340299341E45C32A00758564 /* Products */ = {
			isa = PBXGroup;
			children = (
				340299331E45C32A00758564 /* NearBus.app */,
				340299471E45C32A00758564 /* NearBusTests.xctest */,
				340299521E45C32A00758564 /* NearBusUITests.xctest */,
			);
			name = Products;
			sourceTree = "<group>";
		};
		340299351E45C32A00758564 /* NearBus */ = {
			isa = PBXGroup;
			children = (
				3402997E1E460FBB00758564 /* Models */,
				340299641E45C4F700758564 /* Modules */,
				3402996E1E45C4F700758564 /* Resources */,
				340299361E45C32A00758564 /* AppDelegate.swift */,
				3402998A1E461D5F00758564 /* Main.storyboard */,
			);
			path = NearBus;
			sourceTree = "<group>";
		};
		3402994A1E45C32A00758564 /* NearBusTests */ = {
			isa = PBXGroup;
			children = (
				3434E0D81E47B8AD006FABD2 /* Mocks */,
				3434E0BF1E47B017006FABD2 /* HomeViewModelTests.swift */,
				3434E0D61E47B82B006FABD2 /* BusModelTests.swift */,
				3434E0DF1E47BBD9006FABD2 /* BusStopModelTests.swift */,
				3402994D1E45C32A00758564 /* Info.plist */,
			);
			path = NearBusTests;
			sourceTree = "<group>";
		};
		340299551E45C32A00758564 /* NearBusUITests */ = {
			isa = PBXGroup;
			children = (
				340299561E45C32A00758564 /* NearBusUITests.swift */,
				340299581E45C32A00758564 /* Info.plist */,
			);
			path = NearBusUITests;
			sourceTree = "<group>";
		};
		340299641E45C4F700758564 /* Modules */ = {
			isa = PBXGroup;
			children = (
				340299671E45C4F700758564 /* Common */,
				3402996C1E45C4F700758564 /* LandingPage */,
				3402996B1E45C4F700758564 /* HomePage */,
			);
			path = Modules;
			sourceTree = "<group>";
		};
		340299671E45C4F700758564 /* Common */ = {
			isa = PBXGroup;
			children = (
				340299681E45C4F700758564 /* Constants */,
				340299691E45C4F700758564 /* Network */,
				3402996A1E45C4F700758564 /* Utils */,
				3402998F1E46252100758564 /* UIComponents */,
			);
			path = Common;
			sourceTree = "<group>";
		};
		340299681E45C4F700758564 /* Constants */ = {
			isa = PBXGroup;
			children = (
				3402997A1E460A3300758564 /* AppConstants.swift */,
				3402997C1E460A4700758564 /* ErrorConstants.swift */,
			);
			path = Constants;
			sourceTree = "<group>";
		};
		340299691E45C4F700758564 /* Network */ = {
			isa = PBXGroup;
			children = (
				340299761E46043D00758564 /* APIEndpoints.swift */,
				340299781E46083A00758564 /* APIController.swift */,
			);
			path = Network;
			sourceTree = "<group>";
		};
		3402996A1E45C4F700758564 /* Utils */ = {
			isa = PBXGroup;
			children = (
				340299811E4612F500758564 /* Extensions.swift */,
			);
			path = Utils;
			sourceTree = "<group>";
		};
		3402996B1E45C4F700758564 /* HomePage */ = {
			isa = PBXGroup;
			children = (
				340299831E46153900758564 /* HomePage.storyboard */,
				340299851E46161A00758564 /* HomeView */,
				348E97AE1E47020B009B602D /* BusStopPage */,
				348E97BB1E470315009B602D /* BusRoutePage */,
			);
			path = HomePage;
			sourceTree = "<group>";
		};
		3402996C1E45C4F700758564 /* LandingPage */ = {
			isa = PBXGroup;
			children = (
				3402996D1E45C4F700758564 /* LaunchScreen.storyboard */,
			);
			path = LandingPage;
			sourceTree = "<group>";
		};
		3402996E1E45C4F700758564 /* Resources */ = {
			isa = PBXGroup;
			children = (
				34DF97691E4748DF00564095 /* MockAbuDhabiLocation.gpx */,
				3402996F1E45C4F700758564 /* Assets.xcassets */,
				340299741E45C84600758564 /* Info.plist */,
			);
			path = Resources;
			sourceTree = "<group>";
		};
		3402997E1E460FBB00758564 /* Models */ = {
			isa = PBXGroup;
			children = (
				3402997F1E4610AA00758564 /* BusStop.swift */,
				348E97C41E47071C009B602D /* Bus.swift */,
				34DF97671E47116C00564095 /* Route.swift */,
			);
			path = Models;
			sourceTree = "<group>";
		};
		340299851E46161A00758564 /* HomeView */ = {
			isa = PBXGroup;
			children = (
				340299861E46162900758564 /* HomeViewController.swift */,
				340299881E46174E00758564 /* HomeViewModel.swift */,
			);
			path = HomeView;
			sourceTree = "<group>";
		};
		3402998F1E46252100758564 /* UIComponents */ = {
			isa = PBXGroup;
			children = (
				340299901E46252100758564 /* LoadingView */,
			);
			path = UIComponents;
			sourceTree = "<group>";
		};
		340299901E46252100758564 /* LoadingView */ = {
			isa = PBXGroup;
			children = (
				340299911E46253400758564 /* LoadingView.swift */,
				340299931E46254500758564 /* LoadingView.xib */,
			);
			path = LoadingView;
			sourceTree = "<group>";
		};
		3434E0D81E47B8AD006FABD2 /* Mocks */ = {
			isa = PBXGroup;
			children = (
				3434E0D91E47B8BB006FABD2 /* BusMock.swift */,
				3434E0DD1E47BAA3006FABD2 /* BusStopMock.swift */,
			);
			path = Mocks;
			sourceTree = "<group>";
		};
		348E97AE1E47020B009B602D /* BusStopPage */ = {
			isa = PBXGroup;
			children = (
				348E97AF1E47020B009B602D /* BusStop.storyboard */,
				348E97B01E47020B009B602D /* BusStopView */,
				348E97B31E47020B009B602D /* TableViewCell */,
			);
			path = BusStopPage;
			sourceTree = "<group>";
		};
		348E97B01E47020B009B602D /* BusStopView */ = {
			isa = PBXGroup;
			children = (
				348E97B11E47020B009B602D /* BusStopViewController.swift */,
				348E97B21E47020B009B602D /* BusStopViewModel.swift */,
			);
			path = BusStopView;
			sourceTree = "<group>";
		};
		348E97B31E47020B009B602D /* TableViewCell */ = {
			isa = PBXGroup;
			children = (
				348E97B41E47020B009B602D /* BusListTableViewCell.swift */,
				348E97B51E47020B009B602D /* BusListTableViewCell.xib */,
			);
			path = TableViewCell;
			sourceTree = "<group>";
		};
		348E97BB1E470315009B602D /* BusRoutePage */ = {
			isa = PBXGroup;
			children = (
				348E97BC1E470368009B602D /* BusRoute.storyboard */,
				348E97BE1E470388009B602D /* BusRouteView */,
			);
			name = BusRoutePage;
			path = ../BusRoutePage;
			sourceTree = "<group>";
		};
		348E97BE1E470388009B602D /* BusRouteView */ = {
			isa = PBXGroup;
			children = (
				348E97BF1E4703A3009B602D /* BusRouteViewController.swift */,
				348E97C21E47040F009B602D /* BusRouteViewModel.swift */,
			);
			path = BusRouteView;
			sourceTree = "<group>";
		};
		6DAC6B744EAFC269CDC4CF28 /* Pods */ = {
			isa = PBXGroup;
			children = (
				BC7FA78A6C0C913AD08638DA /* Pods-NearBus.debug.xcconfig */,
				FDF0255BBB35F02D48435830 /* Pods-NearBus.release.xcconfig */,
				747AD4482260546468B9EC78 /* Pods-NearBusTests.debug.xcconfig */,
				94B8F10026E9BB7E5A022322 /* Pods-NearBusTests.release.xcconfig */,
				39C24577E40507DDB1616976 /* Pods-NearBusUITests.debug.xcconfig */,
				6EDEC87F4AD6B42ABB5A04E9 /* Pods-NearBusUITests.release.xcconfig */,
			);
			name = Pods;
			sourceTree = "<group>";
		};
		F0BF0AE410BB476A1E86491C /* Frameworks */ = {
			isa = PBXGroup;
			children = (
				64C855BAC65EAD1777BFA318 /* Pods_NearBus.framework */,
				3CEC79B2C63F7EBDA7230125 /* Pods_NearBusTests.framework */,
				B7899B77249949870CDAF66A /* Pods_NearBusUITests.framework */,
			);
			name = Frameworks;
			sourceTree = "<group>";
		};
/* End PBXGroup section */

/* Begin PBXNativeTarget section */
		340299321E45C32A00758564 /* NearBus */ = {
			isa = PBXNativeTarget;
			buildConfigurationList = 3402995B1E45C32A00758564 /* Build configuration list for PBXNativeTarget "NearBus" */;
			buildPhases = (
				0B235C3CF6522FCA335D6602 /* [CP] Check Pods Manifest.lock */,
				3402992F1E45C32A00758564 /* Sources */,
				340299301E45C32A00758564 /* Frameworks */,
				340299311E45C32A00758564 /* Resources */,
				DAF8C49A637425152C56616A /* [CP] Embed Pods Frameworks */,
				0A1FA852E6E80852AE822FA0 /* [CP] Copy Pods Resources */,
			);
			buildRules = (
			);
			dependencies = (
			);
			name = NearBus;
			productName = NearBus;
			productReference = 340299331E45C32A00758564 /* NearBus.app */;
			productType = "com.apple.product-type.application";
		};
		340299461E45C32A00758564 /* NearBusTests */ = {
			isa = PBXNativeTarget;
			buildConfigurationList = 3402995E1E45C32A00758564 /* Build configuration list for PBXNativeTarget "NearBusTests" */;
			buildPhases = (
				7653736E189C770FC84A7AFF /* [CP] Check Pods Manifest.lock */,
				340299431E45C32A00758564 /* Sources */,
				340299441E45C32A00758564 /* Frameworks */,
				340299451E45C32A00758564 /* Resources */,
				546B2B11502389FAD900003D /* [CP] Embed Pods Frameworks */,
				E3BFB773457CDFFD6ED09E71 /* [CP] Copy Pods Resources */,
			);
			buildRules = (
			);
			dependencies = (
				340299491E45C32A00758564 /* PBXTargetDependency */,
			);
			name = NearBusTests;
			productName = NearBusTests;
			productReference = 340299471E45C32A00758564 /* NearBusTests.xctest */;
			productType = "com.apple.product-type.bundle.unit-test";
		};
		340299511E45C32A00758564 /* NearBusUITests */ = {
			isa = PBXNativeTarget;
			buildConfigurationList = 340299611E45C32A00758564 /* Build configuration list for PBXNativeTarget "NearBusUITests" */;
			buildPhases = (
				536C132837534588EACAA2CB /* [CP] Check Pods Manifest.lock */,
				3402994E1E45C32A00758564 /* Sources */,
				3402994F1E45C32A00758564 /* Frameworks */,
				340299501E45C32A00758564 /* Resources */,
				A79158109FAED78E6FFBB7FE /* [CP] Embed Pods Frameworks */,
				FACF579285A30B7DFBAEF9F1 /* [CP] Copy Pods Resources */,
			);
			buildRules = (
			);
			dependencies = (
				340299541E45C32A00758564 /* PBXTargetDependency */,
			);
			name = NearBusUITests;
			productName = NearBusUITests;
			productReference = 340299521E45C32A00758564 /* NearBusUITests.xctest */;
			productType = "com.apple.product-type.bundle.ui-testing";
		};
/* End PBXNativeTarget section */

/* Begin PBXProject section */
		3402992B1E45C32A00758564 /* Project object */ = {
			isa = PBXProject;
			attributes = {
				LastSwiftUpdateCheck = 0820;
				LastUpgradeCheck = 0820;
				ORGANIZATIONNAME = wockito;
				TargetAttributes = {
					340299321E45C32A00758564 = {
						CreatedOnToolsVersion = 8.2.1;
						DevelopmentTeam = U7BF3EHPWC;
						ProvisioningStyle = Automatic;
					};
					340299461E45C32A00758564 = {
						CreatedOnToolsVersion = 8.2.1;
						DevelopmentTeam = U7BF3EHPWC;
						ProvisioningStyle = Automatic;
						TestTargetID = 340299321E45C32A00758564;
					};
					340299511E45C32A00758564 = {
						CreatedOnToolsVersion = 8.2.1;
						DevelopmentTeam = U7BF3EHPWC;
						ProvisioningStyle = Automatic;
						TestTargetID = 340299321E45C32A00758564;
					};
				};
			};
			buildConfigurationList = 3402992E1E45C32A00758564 /* Build configuration list for PBXProject "NearBus" */;
			compatibilityVersion = "Xcode 3.2";
			developmentRegion = English;
			hasScannedForEncodings = 0;
			knownRegions = (
				en,
				Base,
			);
			mainGroup = 3402992A1E45C32A00758564;
			productRefGroup = 340299341E45C32A00758564 /* Products */;
			projectDirPath = "";
			projectRoot = "";
			targets = (
				340299321E45C32A00758564 /* NearBus */,
				340299461E45C32A00758564 /* NearBusTests */,
				340299511E45C32A00758564 /* NearBusUITests */,
			);
		};
/* End PBXProject section */

/* Begin PBXResourcesBuildPhase section */
		340299311E45C32A00758564 /* Resources */ = {
			isa = PBXResourcesBuildPhase;
			buildActionMask = 2147483647;
			files = (
				340299841E46153900758564 /* HomePage.storyboard in Resources */,
				3402998B1E461D5F00758564 /* Main.storyboard in Resources */,
				340299721E45C4F700758564 /* Assets.xcassets in Resources */,
				348E97BD1E470368009B602D /* BusRoute.storyboard in Resources */,
				34DF976A1E4748DF00564095 /* MockAbuDhabiLocation.gpx in Resources */,
				348E97B61E47020B009B602D /* BusStop.storyboard in Resources */,
				348E97BA1E47020B009B602D /* BusListTableViewCell.xib in Resources */,
				340299711E45C4F700758564 /* LaunchScreen.storyboard in Resources */,
				340299941E46254500758564 /* LoadingView.xib in Resources */,
			);
			runOnlyForDeploymentPostprocessing = 0;
		};
		340299451E45C32A00758564 /* Resources */ = {
			isa = PBXResourcesBuildPhase;
			buildActionMask = 2147483647;
			files = (
				3434E0C91E47B2B1006FABD2 /* LoadingView.xib in Resources */,
			);
			runOnlyForDeploymentPostprocessing = 0;
		};
		340299501E45C32A00758564 /* Resources */ = {
			isa = PBXResourcesBuildPhase;
			buildActionMask = 2147483647;
			files = (
			);
			runOnlyForDeploymentPostprocessing = 0;
		};
/* End PBXResourcesBuildPhase section */

/* Begin PBXShellScriptBuildPhase section */
		0A1FA852E6E80852AE822FA0 /* [CP] Copy Pods Resources */ = {
			isa = PBXShellScriptBuildPhase;
			buildActionMask = 2147483647;
			files = (
			);
			inputPaths = (
			);
			name = "[CP] Copy Pods Resources";
			outputPaths = (
			);
			runOnlyForDeploymentPostprocessing = 0;
			shellPath = /bin/sh;
			shellScript = "\"${SRCROOT}/Pods/Target Support Files/Pods-NearBus/Pods-NearBus-resources.sh\"\n";
			showEnvVarsInLog = 0;
		};
		0B235C3CF6522FCA335D6602 /* [CP] Check Pods Manifest.lock */ = {
			isa = PBXShellScriptBuildPhase;
			buildActionMask = 2147483647;
			files = (
			);
			inputPaths = (
			);
			name = "[CP] Check Pods Manifest.lock";
			outputPaths = (
			);
			runOnlyForDeploymentPostprocessing = 0;
			shellPath = /bin/sh;
			shellScript = "diff \"${PODS_ROOT}/../Podfile.lock\" \"${PODS_ROOT}/Manifest.lock\" > /dev/null\nif [ $? != 0 ] ; then\n    # print error to STDERR\n    echo \"error: The sandbox is not in sync with the Podfile.lock. Run 'pod install' or update your CocoaPods installation.\" >&2\n    exit 1\nfi\n";
			showEnvVarsInLog = 0;
		};
		536C132837534588EACAA2CB /* [CP] Check Pods Manifest.lock */ = {
			isa = PBXShellScriptBuildPhase;
			buildActionMask = 2147483647;
			files = (
			);
			inputPaths = (
			);
			name = "[CP] Check Pods Manifest.lock";
			outputPaths = (
			);
			runOnlyForDeploymentPostprocessing = 0;
			shellPath = /bin/sh;
			shellScript = "diff \"${PODS_ROOT}/../Podfile.lock\" \"${PODS_ROOT}/Manifest.lock\" > /dev/null\nif [ $? != 0 ] ; then\n    # print error to STDERR\n    echo \"error: The sandbox is not in sync with the Podfile.lock. Run 'pod install' or update your CocoaPods installation.\" >&2\n    exit 1\nfi\n";
			showEnvVarsInLog = 0;
		};
		546B2B11502389FAD900003D /* [CP] Embed Pods Frameworks */ = {
			isa = PBXShellScriptBuildPhase;
			buildActionMask = 2147483647;
			files = (
			);
			inputPaths = (
			);
			name = "[CP] Embed Pods Frameworks";
			outputPaths = (
			);
			runOnlyForDeploymentPostprocessing = 0;
			shellPath = /bin/sh;
			shellScript = "\"${SRCROOT}/Pods/Target Support Files/Pods-NearBusTests/Pods-NearBusTests-frameworks.sh\"\n";
			showEnvVarsInLog = 0;
		};
		7653736E189C770FC84A7AFF /* [CP] Check Pods Manifest.lock */ = {
			isa = PBXShellScriptBuildPhase;
			buildActionMask = 2147483647;
			files = (
			);
			inputPaths = (
			);
			name = "[CP] Check Pods Manifest.lock";
			outputPaths = (
			);
			runOnlyForDeploymentPostprocessing = 0;
			shellPath = /bin/sh;
			shellScript = "diff \"${PODS_ROOT}/../Podfile.lock\" \"${PODS_ROOT}/Manifest.lock\" > /dev/null\nif [ $? != 0 ] ; then\n    # print error to STDERR\n    echo \"error: The sandbox is not in sync with the Podfile.lock. Run 'pod install' or update your CocoaPods installation.\" >&2\n    exit 1\nfi\n";
			showEnvVarsInLog = 0;
		};
		A79158109FAED78E6FFBB7FE /* [CP] Embed Pods Frameworks */ = {
			isa = PBXShellScriptBuildPhase;
			buildActionMask = 2147483647;
			files = (
			);
			inputPaths = (
			);
			name = "[CP] Embed Pods Frameworks";
			outputPaths = (
			);
			runOnlyForDeploymentPostprocessing = 0;
			shellPath = /bin/sh;
			shellScript = "\"${SRCROOT}/Pods/Target Support Files/Pods-NearBusUITests/Pods-NearBusUITests-frameworks.sh\"\n";
			showEnvVarsInLog = 0;
		};
		DAF8C49A637425152C56616A /* [CP] Embed Pods Frameworks */ = {
			isa = PBXShellScriptBuildPhase;
			buildActionMask = 2147483647;
			files = (
			);
			inputPaths = (
			);
			name = "[CP] Embed Pods Frameworks";
			outputPaths = (
			);
			runOnlyForDeploymentPostprocessing = 0;
			shellPath = /bin/sh;
			shellScript = "\"${SRCROOT}/Pods/Target Support Files/Pods-NearBus/Pods-NearBus-frameworks.sh\"\n";
			showEnvVarsInLog = 0;
		};
		E3BFB773457CDFFD6ED09E71 /* [CP] Copy Pods Resources */ = {
			isa = PBXShellScriptBuildPhase;
			buildActionMask = 2147483647;
			files = (
			);
			inputPaths = (
			);
			name = "[CP] Copy Pods Resources";
			outputPaths = (
			);
			runOnlyForDeploymentPostprocessing = 0;
			shellPath = /bin/sh;
			shellScript = "\"${SRCROOT}/Pods/Target Support Files/Pods-NearBusTests/Pods-NearBusTests-resources.sh\"\n";
			showEnvVarsInLog = 0;
		};
		FACF579285A30B7DFBAEF9F1 /* [CP] Copy Pods Resources */ = {
			isa = PBXShellScriptBuildPhase;
			buildActionMask = 2147483647;
			files = (
			);
			inputPaths = (
			);
			name = "[CP] Copy Pods Resources";
			outputPaths = (
			);
			runOnlyForDeploymentPostprocessing = 0;
			shellPath = /bin/sh;
			shellScript = "\"${SRCROOT}/Pods/Target Support Files/Pods-NearBusUITests/Pods-NearBusUITests-resources.sh\"\n";
			showEnvVarsInLog = 0;
		};
/* End PBXShellScriptBuildPhase section */

/* Begin PBXSourcesBuildPhase section */
		3402992F1E45C32A00758564 /* Sources */ = {
			isa = PBXSourcesBuildPhase;
			buildActionMask = 2147483647;
			files = (
				340299791E46083A00758564 /* APIController.swift in Sources */,
				348E97B91E47020B009B602D /* BusListTableViewCell.swift in Sources */,
				340299891E46174E00758564 /* HomeViewModel.swift in Sources */,
				340299771E46043D00758564 /* APIEndpoints.swift in Sources */,
				340299921E46253400758564 /* LoadingView.swift in Sources */,
				348E97B81E47020B009B602D /* BusStopViewModel.swift in Sources */,
				348E97C31E47040F009B602D /* BusRouteViewModel.swift in Sources */,
				340299821E4612F500758564 /* Extensions.swift in Sources */,
				340299871E46162900758564 /* HomeViewController.swift in Sources */,
				34DF97681E47116C00564095 /* Route.swift in Sources */,
				348E97B71E47020B009B602D /* BusStopViewController.swift in Sources */,
				340299801E4610AA00758564 /* BusStop.swift in Sources */,
				340299371E45C32A00758564 /* AppDelegate.swift in Sources */,
				3402997D1E460A4700758564 /* ErrorConstants.swift in Sources */,
				348E97C01E4703A3009B602D /* BusRouteViewController.swift in Sources */,
				348E97C51E47071C009B602D /* Bus.swift in Sources */,
				3402997B1E460A3300758564 /* AppConstants.swift in Sources */,
			);
			runOnlyForDeploymentPostprocessing = 0;
		};
		340299431E45C32A00758564 /* Sources */ = {
			isa = PBXSourcesBuildPhase;
			buildActionMask = 2147483647;
			files = (
				3434E0CB1E47B2C8006FABD2 /* APIController.swift in Sources */,
				3434E0C31E47B292006FABD2 /* BusStop.swift in Sources */,
				3434E0E01E47BBD9006FABD2 /* BusStopModelTests.swift in Sources */,
				3434E0CC1E47B2CB006FABD2 /* APIEndpoints.swift in Sources */,
				3434E0D71E47B82B006FABD2 /* BusModelTests.swift in Sources */,
				3434E0DA1E47B8BB006FABD2 /* BusMock.swift in Sources */,
				3434E0C01E47B017006FABD2 /* HomeViewModelTests.swift in Sources */,
				3434E0C51E47B298006FABD2 /* Route.swift in Sources */,
				3434E0C61E47B29B006FABD2 /* AppConstants.swift in Sources */,
				3434E0CA1E47B2C2006FABD2 /* Extensions.swift in Sources */,
				3434E0C71E47B29E006FABD2 /* ErrorConstants.swift in Sources */,
				3434E0DE1E47BAA3006FABD2 /* BusStopMock.swift in Sources */,
				3434E0C41E47B295006FABD2 /* Bus.swift in Sources */,
				3434E0C81E47B2AD006FABD2 /* LoadingView.swift in Sources */,
			);
			runOnlyForDeploymentPostprocessing = 0;
		};
		3402994E1E45C32A00758564 /* Sources */ = {
			isa = PBXSourcesBuildPhase;
			buildActionMask = 2147483647;
			files = (
				340299571E45C32A00758564 /* NearBusUITests.swift in Sources */,
			);
			runOnlyForDeploymentPostprocessing = 0;
		};
/* End PBXSourcesBuildPhase section */

/* Begin PBXTargetDependency section */
		340299491E45C32A00758564 /* PBXTargetDependency */ = {
			isa = PBXTargetDependency;
			target = 340299321E45C32A00758564 /* NearBus */;
			targetProxy = 340299481E45C32A00758564 /* PBXContainerItemProxy */;
		};
		340299541E45C32A00758564 /* PBXTargetDependency */ = {
			isa = PBXTargetDependency;
			target = 340299321E45C32A00758564 /* NearBus */;
			targetProxy = 340299531E45C32A00758564 /* PBXContainerItemProxy */;
		};
/* End PBXTargetDependency section */

/* Begin XCBuildConfiguration section */
		340299591E45C32A00758564 /* Debug */ = {
			isa = XCBuildConfiguration;
			buildSettings = {
				ALWAYS_SEARCH_USER_PATHS = NO;
				CLANG_ANALYZER_NONNULL = YES;
				CLANG_CXX_LANGUAGE_STANDARD = "gnu++0x";
				CLANG_CXX_LIBRARY = "libc++";
				CLANG_ENABLE_MODULES = YES;
				CLANG_ENABLE_OBJC_ARC = YES;
				CLANG_WARN_BOOL_CONVERSION = YES;
				CLANG_WARN_CONSTANT_CONVERSION = YES;
				CLANG_WARN_DIRECT_OBJC_ISA_USAGE = YES_ERROR;
				CLANG_WARN_DOCUMENTATION_COMMENTS = YES;
				CLANG_WARN_EMPTY_BODY = YES;
				CLANG_WARN_ENUM_CONVERSION = YES;
				CLANG_WARN_INFINITE_RECURSION = YES;
				CLANG_WARN_INT_CONVERSION = YES;
				CLANG_WARN_OBJC_ROOT_CLASS = YES_ERROR;
				CLANG_WARN_SUSPICIOUS_MOVE = YES;
				CLANG_WARN_UNREACHABLE_CODE = YES;
				CLANG_WARN__DUPLICATE_METHOD_MATCH = YES;
				"CODE_SIGN_IDENTITY[sdk=iphoneos*]" = "iPhone Developer";
				COPY_PHASE_STRIP = NO;
				DEBUG_INFORMATION_FORMAT = dwarf;
				ENABLE_STRICT_OBJC_MSGSEND = YES;
				ENABLE_TESTABILITY = YES;
				GCC_C_LANGUAGE_STANDARD = gnu99;
				GCC_DYNAMIC_NO_PIC = NO;
				GCC_NO_COMMON_BLOCKS = YES;
				GCC_OPTIMIZATION_LEVEL = 0;
				GCC_PREPROCESSOR_DEFINITIONS = (
					"DEBUG=1",
					"$(inherited)",
				);
				GCC_WARN_64_TO_32_BIT_CONVERSION = YES;
				GCC_WARN_ABOUT_RETURN_TYPE = YES_ERROR;
				GCC_WARN_UNDECLARED_SELECTOR = YES;
				GCC_WARN_UNINITIALIZED_AUTOS = YES_AGGRESSIVE;
				GCC_WARN_UNUSED_FUNCTION = YES;
				GCC_WARN_UNUSED_VARIABLE = YES;
				IPHONEOS_DEPLOYMENT_TARGET = 10.2;
				MTL_ENABLE_DEBUG_INFO = YES;
				ONLY_ACTIVE_ARCH = YES;
				SDKROOT = iphoneos;
				SWIFT_ACTIVE_COMPILATION_CONDITIONS = DEBUG;
				SWIFT_OPTIMIZATION_LEVEL = "-Onone";
				TARGETED_DEVICE_FAMILY = "1,2";
			};
			name = Debug;
		};
		3402995A1E45C32A00758564 /* Release */ = {
			isa = XCBuildConfiguration;
			buildSettings = {
				ALWAYS_SEARCH_USER_PATHS = NO;
				CLANG_ANALYZER_NONNULL = YES;
				CLANG_CXX_LANGUAGE_STANDARD = "gnu++0x";
				CLANG_CXX_LIBRARY = "libc++";
				CLANG_ENABLE_MODULES = YES;
				CLANG_ENABLE_OBJC_ARC = YES;
				CLANG_WARN_BOOL_CONVERSION = YES;
				CLANG_WARN_CONSTANT_CONVERSION = YES;
				CLANG_WARN_DIRECT_OBJC_ISA_USAGE = YES_ERROR;
				CLANG_WARN_DOCUMENTATION_COMMENTS = YES;
				CLANG_WARN_EMPTY_BODY = YES;
				CLANG_WARN_ENUM_CONVERSION = YES;
				CLANG_WARN_INFINITE_RECURSION = YES;
				CLANG_WARN_INT_CONVERSION = YES;
				CLANG_WARN_OBJC_ROOT_CLASS = YES_ERROR;
				CLANG_WARN_SUSPICIOUS_MOVE = YES;
				CLANG_WARN_UNREACHABLE_CODE = YES;
				CLANG_WARN__DUPLICATE_METHOD_MATCH = YES;
				"CODE_SIGN_IDENTITY[sdk=iphoneos*]" = "iPhone Developer";
				COPY_PHASE_STRIP = NO;
				DEBUG_INFORMATION_FORMAT = "dwarf-with-dsym";
				ENABLE_NS_ASSERTIONS = NO;
				ENABLE_STRICT_OBJC_MSGSEND = YES;
				GCC_C_LANGUAGE_STANDARD = gnu99;
				GCC_NO_COMMON_BLOCKS = YES;
				GCC_WARN_64_TO_32_BIT_CONVERSION = YES;
				GCC_WARN_ABOUT_RETURN_TYPE = YES_ERROR;
				GCC_WARN_UNDECLARED_SELECTOR = YES;
				GCC_WARN_UNINITIALIZED_AUTOS = YES_AGGRESSIVE;
				GCC_WARN_UNUSED_FUNCTION = YES;
				GCC_WARN_UNUSED_VARIABLE = YES;
				IPHONEOS_DEPLOYMENT_TARGET = 10.2;
				MTL_ENABLE_DEBUG_INFO = NO;
				SDKROOT = iphoneos;
				SWIFT_OPTIMIZATION_LEVEL = "-Owholemodule";
				TARGETED_DEVICE_FAMILY = "1,2";
				VALIDATE_PRODUCT = YES;
			};
			name = Release;
		};
		3402995C1E45C32A00758564 /* Debug */ = {
			isa = XCBuildConfiguration;
			baseConfigurationReference = BC7FA78A6C0C913AD08638DA /* Pods-NearBus.debug.xcconfig */;
			buildSettings = {
				ASSETCATALOG_COMPILER_APPICON_NAME = AppIcon;
				DEVELOPMENT_TEAM = U7BF3EHPWC;
				INFOPLIST_FILE = NearBus/Info.plist;
				IPHONEOS_DEPLOYMENT_TARGET = 10.1;
				LD_RUNPATH_SEARCH_PATHS = "$(inherited) @executable_path/Frameworks";
				PRODUCT_BUNDLE_IDENTIFIER = com.wockito.NearBus;
				PRODUCT_NAME = "$(TARGET_NAME)";
				SWIFT_VERSION = 3.0;
			};
			name = Debug;
		};
		3402995D1E45C32A00758564 /* Release */ = {
			isa = XCBuildConfiguration;
			baseConfigurationReference = FDF0255BBB35F02D48435830 /* Pods-NearBus.release.xcconfig */;
			buildSettings = {
				ASSETCATALOG_COMPILER_APPICON_NAME = AppIcon;
				DEVELOPMENT_TEAM = U7BF3EHPWC;
				INFOPLIST_FILE = NearBus/Info.plist;
				IPHONEOS_DEPLOYMENT_TARGET = 10.1;
				LD_RUNPATH_SEARCH_PATHS = "$(inherited) @executable_path/Frameworks";
				PRODUCT_BUNDLE_IDENTIFIER = com.wockito.NearBus;
				PRODUCT_NAME = "$(TARGET_NAME)";
				SWIFT_VERSION = 3.0;
			};
			name = Release;
		};
		3402995F1E45C32A00758564 /* Debug */ = {
			isa = XCBuildConfiguration;
			baseConfigurationReference = 747AD4482260546468B9EC78 /* Pods-NearBusTests.debug.xcconfig */;
			buildSettings = {
				ALWAYS_EMBED_SWIFT_STANDARD_LIBRARIES = YES;
				BUNDLE_LOADER = "$(TEST_HOST)";
				DEVELOPMENT_TEAM = U7BF3EHPWC;
				INFOPLIST_FILE = NearBusTests/Info.plist;
				LD_RUNPATH_SEARCH_PATHS = "$(inherited) @executable_path/Frameworks @loader_path/Frameworks";
				PRODUCT_BUNDLE_IDENTIFIER = com.wockito.NearBusTests;
				PRODUCT_NAME = "$(TARGET_NAME)";
				SWIFT_VERSION = 3.0;
				TEST_HOST = "$(BUILT_PRODUCTS_DIR)/NearBus.app/NearBus";
			};
			name = Debug;
		};
		340299601E45C32A00758564 /* Release */ = {
			isa = XCBuildConfiguration;
			baseConfigurationReference = 94B8F10026E9BB7E5A022322 /* Pods-NearBusTests.release.xcconfig */;
			buildSettings = {
				ALWAYS_EMBED_SWIFT_STANDARD_LIBRARIES = YES;
				BUNDLE_LOADER = "$(TEST_HOST)";
				DEVELOPMENT_TEAM = U7BF3EHPWC;
				INFOPLIST_FILE = NearBusTests/Info.plist;
				LD_RUNPATH_SEARCH_PATHS = "$(inherited) @executable_path/Frameworks @loader_path/Frameworks";
				PRODUCT_BUNDLE_IDENTIFIER = com.wockito.NearBusTests;
				PRODUCT_NAME = "$(TARGET_NAME)";
				SWIFT_VERSION = 3.0;
				TEST_HOST = "$(BUILT_PRODUCTS_DIR)/NearBus.app/NearBus";
			};
			name = Release;
		};
		340299621E45C32A00758564 /* Debug */ = {
			isa = XCBuildConfiguration;
			baseConfigurationReference = 39C24577E40507DDB1616976 /* Pods-NearBusUITests.debug.xcconfig */;
			buildSettings = {
				ALWAYS_EMBED_SWIFT_STANDARD_LIBRARIES = YES;
				DEVELOPMENT_TEAM = U7BF3EHPWC;
				INFOPLIST_FILE = NearBusUITests/Info.plist;
				LD_RUNPATH_SEARCH_PATHS = "$(inherited) @executable_path/Frameworks @loader_path/Frameworks";
				PRODUCT_BUNDLE_IDENTIFIER = com.wockito.NearBusUITests;
				PRODUCT_NAME = "$(TARGET_NAME)";
				SWIFT_VERSION = 3.0;
				TEST_TARGET_NAME = NearBus;
			};
			name = Debug;
		};
		340299631E45C32A00758564 /* Release */ = {
			isa = XCBuildConfiguration;
			baseConfigurationReference = 6EDEC87F4AD6B42ABB5A04E9 /* Pods-NearBusUITests.release.xcconfig */;
			buildSettings = {
				ALWAYS_EMBED_SWIFT_STANDARD_LIBRARIES = YES;
				DEVELOPMENT_TEAM = U7BF3EHPWC;
				INFOPLIST_FILE = NearBusUITests/Info.plist;
				LD_RUNPATH_SEARCH_PATHS = "$(inherited) @executable_path/Frameworks @loader_path/Frameworks";
				PRODUCT_BUNDLE_IDENTIFIER = com.wockito.NearBusUITests;
				PRODUCT_NAME = "$(TARGET_NAME)";
				SWIFT_VERSION = 3.0;
				TEST_TARGET_NAME = NearBus;
			};
			name = Release;
		};
/* End XCBuildConfiguration section */

/* Begin XCConfigurationList section */
		3402992E1E45C32A00758564 /* Build configuration list for PBXProject "NearBus" */ = {
			isa = XCConfigurationList;
			buildConfigurations = (
				340299591E45C32A00758564 /* Debug */,
				3402995A1E45C32A00758564 /* Release */,
			);
			defaultConfigurationIsVisible = 0;
			defaultConfigurationName = Release;
		};
		3402995B1E45C32A00758564 /* Build configuration list for PBXNativeTarget "NearBus" */ = {
			isa = XCConfigurationList;
			buildConfigurations = (
				3402995C1E45C32A00758564 /* Debug */,
				3402995D1E45C32A00758564 /* Release */,
			);
			defaultConfigurationIsVisible = 0;
			defaultConfigurationName = Release;
		};
		3402995E1E45C32A00758564 /* Build configuration list for PBXNativeTarget "NearBusTests" */ = {
			isa = XCConfigurationList;
			buildConfigurations = (
				3402995F1E45C32A00758564 /* Debug */,
				340299601E45C32A00758564 /* Release */,
			);
			defaultConfigurationIsVisible = 0;
			defaultConfigurationName = Release;
		};
		340299611E45C32A00758564 /* Build configuration list for PBXNativeTarget "NearBusUITests" */ = {
			isa = XCConfigurationList;
			buildConfigurations = (
				340299621E45C32A00758564 /* Debug */,
				340299631E45C32A00758564 /* Release */,
			);
			defaultConfigurationIsVisible = 0;
			defaultConfigurationName = Release;
		};
/* End XCConfigurationList section */
	};
	rootObject = 3402992B1E45C32A00758564 /* Project object */;
}
